
Microsoft Visual Studio Solution File, Format Version 12.00
# Visual Studio 15
VisualStudioVersion = 15.0.28307.102
MinimumVisualStudioVersion = 10.0.40219.1
Project("{FAE04EC0-301F-11D3-BF4B-00C04F79EFBC}") = "asigurare_viata", "asigurare_viata\asigurare_viata.csproj", "{13070930-3B17-4ED7-B80E-0840D908E8F7}"
EndProject
Global
	GlobalSection(SolutionConfigurationPlatforms) = preSolution
		Debug|Any CPU = Debug|Any CPU
		Release|Any CPU = Release|Any CPU
	EndGlobalSection
	GlobalSection(ProjectConfigurationPlatforms) = postSolution
		{13070930-3B17-4ED7-B80E-0840D908E8F7}.Debug|Any CPU.ActiveCfg = Debug|Any CPU
		{13070930-3B17-4ED7-B80E-0840D908E8F7}.Debug|Any CPU.Build.0 = Debug|Any CPU
		{13070930-3B17-4ED7-B80E-0840D908E8F7}.Release|Any CPU.ActiveCfg = Release|Any CPU
		{13070930-3B17-4ED7-B80E-0840D908E8F7}.Release|Any CPU.Build.0 = Release|Any CPU
	EndGlobalSection
	GlobalSection(SolutionProperties) = preSolution
		HideSolutionNode = FALSE
	EndGlobalSection
	GlobalSection(ExtensibilityGlobals) = postSolution
		SolutionGuid = {7D7650A8-07F1-4D99-BA8C-6DAB08A844B4}
	EndGlobalSection
EndGlobal
